
Microsoft Visual Studio Solution File, Format Version 12.00
# Visual Studio Version 17
VisualStudioVersion = 17.3.32929.385
MinimumVisualStudioVersion = 10.0.40219.1
Project("{FAE04EC0-301F-11D3-BF4B-00C04F79EFBC}") = "StringCalculatorEval", "StringCalculatorEval\StringCalculatorEval.csproj", "{89A19795-D2ED-4503-8C9A-50F033A1AB55}"
EndProject
Project("{FAE04EC0-301F-11D3-BF4B-00C04F79EFBC}") = "StringCalculator.Test", "StringCalculator.Test\StringCalculator.Test.csproj", "{358AB1FA-891A-46BD-A89C-098F444D6D53}"
EndProject
Global
	GlobalSection(SolutionConfigurationPlatforms) = preSolution
		Debug|Any CPU = Debug|Any CPU
		Release|Any CPU = Release|Any CPU
	EndGlobalSection
	GlobalSection(ProjectConfigurationPlatforms) = postSolution
		{89A19795-D2ED-4503-8C9A-50F033A1AB55}.Debug|Any CPU.ActiveCfg = Debug|Any CPU
		{89A19795-D2ED-4503-8C9A-50F033A1AB55}.Debug|Any CPU.Build.0 = Debug|Any CPU
		{89A19795-D2ED-4503-8C9A-50F033A1AB55}.Release|Any CPU.ActiveCfg = Release|Any CPU
		{89A19795-D2ED-4503-8C9A-50F033A1AB55}.Release|Any CPU.Build.0 = Release|Any CPU
		{358AB1FA-891A-46BD-A89C-098F444D6D53}.Debug|Any CPU.ActiveCfg = Debug|Any CPU
		{358AB1FA-891A-46BD-A89C-098F444D6D53}.Debug|Any CPU.Build.0 = Debug|Any CPU
		{358AB1FA-891A-46BD-A89C-098F444D6D53}.Release|Any CPU.ActiveCfg = Release|Any CPU
		{358AB1FA-891A-46BD-A89C-098F444D6D53}.Release|Any CPU.Build.0 = Release|Any CPU
	EndGlobalSection
	GlobalSection(SolutionProperties) = preSolution
		HideSolutionNode = FALSE
	EndGlobalSection
	GlobalSection(ExtensibilityGlobals) = postSolution
		SolutionGuid = {A7CC2064-EEF4-4E63-89F3-320F85E45B44}
	EndGlobalSection
EndGlobal
